
Microsoft Visual Studio Solution File, Format Version 12.00
# Visual Studio Version 16
VisualStudioVersion = 16.0.29728.190
MinimumVisualStudioVersion = 10.0.40219.1
Project("{FAE04EC0-301F-11D3-BF4B-00C04F79EFBC}") = "TransportManagementSystem", "TransportManagementSystem\TransportManagementSystem.csproj", "{08D23D83-9D8F-44DE-9098-9CA251C621EA}"
EndProject
Project("{FAE04EC0-301F-11D3-BF4B-00C04F79EFBC}") = "CustomControls", "CustomControls\CustomControls.csproj", "{489813AC-3D88-4F8E-8CCA-964F6E09FF46}"
EndProject
Project("{FAE04EC0-301F-11D3-BF4B-00C04F79EFBC}") = "RoleManagement", "RoleManagement\RoleManagement.csproj", "{3BCE2A0A-1DF9-4138-9374-130E45C79059}"
EndProject
Global
	GlobalSection(SolutionConfigurationPlatforms) = preSolution
		Debug|Any CPU = Debug|Any CPU
		Release|Any CPU = Release|Any CPU
	EndGlobalSection
	GlobalSection(ProjectConfigurationPlatforms) = postSolution
		{08D23D83-9D8F-44DE-9098-9CA251C621EA}.Debug|Any CPU.ActiveCfg = Debug|Any CPU
		{08D23D83-9D8F-44DE-9098-9CA251C621EA}.Debug|Any CPU.Build.0 = Debug|Any CPU
		{08D23D83-9D8F-44DE-9098-9CA251C621EA}.Release|Any CPU.ActiveCfg = Release|Any CPU
		{08D23D83-9D8F-44DE-9098-9CA251C621EA}.Release|Any CPU.Build.0 = Release|Any CPU
		{489813AC-3D88-4F8E-8CCA-964F6E09FF46}.Debug|Any CPU.ActiveCfg = Debug|Any CPU
		{489813AC-3D88-4F8E-8CCA-964F6E09FF46}.Debug|Any CPU.Build.0 = Debug|Any CPU
		{489813AC-3D88-4F8E-8CCA-964F6E09FF46}.Release|Any CPU.ActiveCfg = Release|Any CPU
		{489813AC-3D88-4F8E-8CCA-964F6E09FF46}.Release|Any CPU.Build.0 = Release|Any CPU
		{3BCE2A0A-1DF9-4138-9374-130E45C79059}.Debug|Any CPU.ActiveCfg = Debug|Any CPU
		{3BCE2A0A-1DF9-4138-9374-130E45C79059}.Debug|Any CPU.Build.0 = Debug|Any CPU
		{3BCE2A0A-1DF9-4138-9374-130E45C79059}.Release|Any CPU.ActiveCfg = Release|Any CPU
		{3BCE2A0A-1DF9-4138-9374-130E45C79059}.Release|Any CPU.Build.0 = Release|Any CPU
	EndGlobalSection
	GlobalSection(SolutionProperties) = preSolution
		HideSolutionNode = FALSE
	EndGlobalSection
	GlobalSection(ExtensibilityGlobals) = postSolution
		SolutionGuid = {F641F93A-6226-419E-8AF1-B4E3CD56FDE8}
	EndGlobalSection
EndGlobal
